
Microsoft Visual Studio Solution File, Format Version 12.00
# Visual Studio Version 17
VisualStudioVersion = 17.5.33424.131
MinimumVisualStudioVersion = 10.0.40219.1
Project("{FAE04EC0-301F-11D3-BF4B-00C04F79EFBC}") = "GuruDev", "GuruDev\GuruDev.csproj", "{11112327-2E28-4A93-9689-AC30F2C18D00}"
EndProject
Global
	GlobalSection(SolutionConfigurationPlatforms) = preSolution
		Debug|Any CPU = Debug|Any CPU
		Release|Any CPU = Release|Any CPU
	EndGlobalSection
	GlobalSection(ProjectConfigurationPlatforms) = postSolution
		{11112327-2E28-4A93-9689-AC30F2C18D00}.Debug|Any CPU.ActiveCfg = Debug|Any CPU
		{11112327-2E28-4A93-9689-AC30F2C18D00}.Debug|Any CPU.Build.0 = Debug|Any CPU
		{11112327-2E28-4A93-9689-AC30F2C18D00}.Release|Any CPU.ActiveCfg = Release|Any CPU
		{11112327-2E28-4A93-9689-AC30F2C18D00}.Release|Any CPU.Build.0 = Release|Any CPU
	EndGlobalSection
	GlobalSection(SolutionProperties) = preSolution
		HideSolutionNode = FALSE
	EndGlobalSection
	GlobalSection(ExtensibilityGlobals) = postSolution
		SolutionGuid = {6AA72979-DC44-4F31-8178-114BF6F89D72}
	EndGlobalSection
EndGlobal
